
Microsoft Visual Studio Solution File, Format Version 12.00
# Visual Studio Version 17
Project("{2150E333-8FDC-42A3-9474-1A3956D46DE8}") = "CMakePredefinedTargets", "CMakePredefinedTargets", "{FA66E44D-CDFD-3A56-982D-87BA514B407A}"
EndProject
Project("{2150E333-8FDC-42A3-9474-1A3956D46DE8}") = "GLFW3", "GLFW3", "{F6ED3E82-FB07-3DC2-97F8-EE7BDCC0F3A2}"
EndProject
Project("{8BC9CEB8-8B4A-11D0-8D11-00A0C91BC942}") = "ALL_BUILD", "ALL_BUILD.vcxproj", "{CA89CDEF-1839-3ACF-A0B2-D1BC2CE8743B}"
	ProjectSection(ProjectDependencies) = postProject
		{D1D40D60-5158-34FC-9DB9-4DBC7B11856C} = {D1D40D60-5158-34FC-9DB9-4DBC7B11856C}
		{3D15B885-5372-3282-9A75-23EE7704501B} = {3D15B885-5372-3282-9A75-23EE7704501B}
	EndProjectSection
EndProject
Project("{8BC9CEB8-8B4A-11D0-8D11-00A0C91BC942}") = "INSTALL", "INSTALL.vcxproj", "{AC7D0933-8F7C-33DF-8348-9509DFBCA480}"
	ProjectSection(ProjectDependencies) = postProject
		{CA89CDEF-1839-3ACF-A0B2-D1BC2CE8743B} = {CA89CDEF-1839-3ACF-A0B2-D1BC2CE8743B}
		{D1D40D60-5158-34FC-9DB9-4DBC7B11856C} = {D1D40D60-5158-34FC-9DB9-4DBC7B11856C}
	EndProjectSection
EndProject
Project("{8BC9CEB8-8B4A-11D0-8D11-00A0C91BC942}") = "ZERO_CHECK", "..\\ZERO_CHECK.vcxproj", "{D1D40D60-5158-34FC-9DB9-4DBC7B11856C}"
	ProjectSection(ProjectDependencies) = postProject
	EndProjectSection
EndProject
Project("{8BC9CEB8-8B4A-11D0-8D11-00A0C91BC942}") = "glfw", "src\glfw.vcxproj", "{3D15B885-5372-3282-9A75-23EE7704501B}"
	ProjectSection(ProjectDependencies) = postProject
		{D1D40D60-5158-34FC-9DB9-4DBC7B11856C} = {D1D40D60-5158-34FC-9DB9-4DBC7B11856C}
	EndProjectSection
EndProject
Project("{8BC9CEB8-8B4A-11D0-8D11-00A0C91BC942}") = "uninstall", "uninstall.vcxproj", "{E8494994-B8B9-3107-BFC6-1AF58F1E7978}"
	ProjectSection(ProjectDependencies) = postProject
		{D1D40D60-5158-34FC-9DB9-4DBC7B11856C} = {D1D40D60-5158-34FC-9DB9-4DBC7B11856C}
	EndProjectSection
EndProject
Project("{8BC9CEB8-8B4A-11D0-8D11-00A0C91BC942}") = "update_mappings", "src\update_mappings.vcxproj", "{FEA8D7ED-CBD3-38F8-814F-F498273920E3}"
	ProjectSection(ProjectDependencies) = postProject
		{D1D40D60-5158-34FC-9DB9-4DBC7B11856C} = {D1D40D60-5158-34FC-9DB9-4DBC7B11856C}
	EndProjectSection
EndProject
Global
	GlobalSection(SolutionConfigurationPlatforms) = preSolution
		Debug|x64 = Debug|x64
		Release|x64 = Release|x64
		MinSizeRel|x64 = MinSizeRel|x64
		RelWithDebInfo|x64 = RelWithDebInfo|x64
	EndGlobalSection
	GlobalSection(ProjectConfigurationPlatforms) = postSolution
		{CA89CDEF-1839-3ACF-A0B2-D1BC2CE8743B}.Debug|x64.ActiveCfg = Debug|x64
		{CA89CDEF-1839-3ACF-A0B2-D1BC2CE8743B}.Debug|x64.Build.0 = Debug|x64
		{CA89CDEF-1839-3ACF-A0B2-D1BC2CE8743B}.Release|x64.ActiveCfg = Release|x64
		{CA89CDEF-1839-3ACF-A0B2-D1BC2CE8743B}.Release|x64.Build.0 = Release|x64
		{CA89CDEF-1839-3ACF-A0B2-D1BC2CE8743B}.MinSizeRel|x64.ActiveCfg = MinSizeRel|x64
		{CA89CDEF-1839-3ACF-A0B2-D1BC2CE8743B}.MinSizeRel|x64.Build.0 = MinSizeRel|x64
		{CA89CDEF-1839-3ACF-A0B2-D1BC2CE8743B}.RelWithDebInfo|x64.ActiveCfg = RelWithDebInfo|x64
		{CA89CDEF-1839-3ACF-A0B2-D1BC2CE8743B}.RelWithDebInfo|x64.Build.0 = RelWithDebInfo|x64
		{AC7D0933-8F7C-33DF-8348-9509DFBCA480}.Debug|x64.ActiveCfg = Debug|x64
		{AC7D0933-8F7C-33DF-8348-9509DFBCA480}.Release|x64.ActiveCfg = Release|x64
		{AC7D0933-8F7C-33DF-8348-9509DFBCA480}.MinSizeRel|x64.ActiveCfg = MinSizeRel|x64
		{AC7D0933-8F7C-33DF-8348-9509DFBCA480}.RelWithDebInfo|x64.ActiveCfg = RelWithDebInfo|x64
		{D1D40D60-5158-34FC-9DB9-4DBC7B11856C}.Debug|x64.ActiveCfg = Debug|x64
		{D1D40D60-5158-34FC-9DB9-4DBC7B11856C}.Debug|x64.Build.0 = Debug|x64
		{D1D40D60-5158-34FC-9DB9-4DBC7B11856C}.Release|x64.ActiveCfg = Release|x64
		{D1D40D60-5158-34FC-9DB9-4DBC7B11856C}.Release|x64.Build.0 = Release|x64
		{D1D40D60-5158-34FC-9DB9-4DBC7B11856C}.MinSizeRel|x64.ActiveCfg = MinSizeRel|x64
		{D1D40D60-5158-34FC-9DB9-4DBC7B11856C}.MinSizeRel|x64.Build.0 = MinSizeRel|x64
		{D1D40D60-5158-34FC-9DB9-4DBC7B11856C}.RelWithDebInfo|x64.ActiveCfg = RelWithDebInfo|x64
		{D1D40D60-5158-34FC-9DB9-4DBC7B11856C}.RelWithDebInfo|x64.Build.0 = RelWithDebInfo|x64
		{3D15B885-5372-3282-9A75-23EE7704501B}.Debug|x64.ActiveCfg = Debug|x64
		{3D15B885-5372-3282-9A75-23EE7704501B}.Debug|x64.Build.0 = Debug|x64
		{3D15B885-5372-3282-9A75-23EE7704501B}.Release|x64.ActiveCfg = Release|x64
		{3D15B885-5372-3282-9A75-23EE7704501B}.Release|x64.Build.0 = Release|x64
		{3D15B885-5372-3282-9A75-23EE7704501B}.MinSizeRel|x64.ActiveCfg = MinSizeRel|x64
		{3D15B885-5372-3282-9A75-23EE7704501B}.MinSizeRel|x64.Build.0 = MinSizeRel|x64
		{3D15B885-5372-3282-9A75-23EE7704501B}.RelWithDebInfo|x64.ActiveCfg = RelWithDebInfo|x64
		{3D15B885-5372-3282-9A75-23EE7704501B}.RelWithDebInfo|x64.Build.0 = RelWithDebInfo|x64
		{E8494994-B8B9-3107-BFC6-1AF58F1E7978}.Debug|x64.ActiveCfg = Debug|x64
		{E8494994-B8B9-3107-BFC6-1AF58F1E7978}.Release|x64.ActiveCfg = Release|x64
		{E8494994-B8B9-3107-BFC6-1AF58F1E7978}.MinSizeRel|x64.ActiveCfg = MinSizeRel|x64
		{E8494994-B8B9-3107-BFC6-1AF58F1E7978}.RelWithDebInfo|x64.ActiveCfg = RelWithDebInfo|x64
		{FEA8D7ED-CBD3-38F8-814F-F498273920E3}.Debug|x64.ActiveCfg = Debug|x64
		{FEA8D7ED-CBD3-38F8-814F-F498273920E3}.Release|x64.ActiveCfg = Release|x64
		{FEA8D7ED-CBD3-38F8-814F-F498273920E3}.MinSizeRel|x64.ActiveCfg = MinSizeRel|x64
		{FEA8D7ED-CBD3-38F8-814F-F498273920E3}.RelWithDebInfo|x64.ActiveCfg = RelWithDebInfo|x64
	EndGlobalSection
	GlobalSection(NestedProjects) = preSolution
		{CA89CDEF-1839-3ACF-A0B2-D1BC2CE8743B} = {FA66E44D-CDFD-3A56-982D-87BA514B407A}
		{AC7D0933-8F7C-33DF-8348-9509DFBCA480} = {FA66E44D-CDFD-3A56-982D-87BA514B407A}
		{D1D40D60-5158-34FC-9DB9-4DBC7B11856C} = {FA66E44D-CDFD-3A56-982D-87BA514B407A}
		{3D15B885-5372-3282-9A75-23EE7704501B} = {F6ED3E82-FB07-3DC2-97F8-EE7BDCC0F3A2}
		{E8494994-B8B9-3107-BFC6-1AF58F1E7978} = {F6ED3E82-FB07-3DC2-97F8-EE7BDCC0F3A2}
		{FEA8D7ED-CBD3-38F8-814F-F498273920E3} = {F6ED3E82-FB07-3DC2-97F8-EE7BDCC0F3A2}
	EndGlobalSection
	GlobalSection(ExtensibilityGlobals) = postSolution
		SolutionGuid = {4E6F347B-723B-3E7B-AEC9-961A58FC6D0A}
	EndGlobalSection
	GlobalSection(ExtensibilityAddIns) = postSolution
	EndGlobalSection
EndGlobal
